
Microsoft Visual Studio Solution File, Format Version 12.00
# Visual Studio 15
VisualStudioVersion = 15.0.27004.2006
MinimumVisualStudioVersion = 10.0.40219.1
Project("{9A19103F-16F7-4668-BE54-9A1E7A4F7556}") = "MvcMovie", "MvcMovie\MvcMovie.csproj", "{EA3C027A-81B0-49A4-9008-E34C84F97503}"
EndProject
Project("{9A19103F-16F7-4668-BE54-9A1E7A4F7556}") = "ContosoUniversity", "ContosoUniversity\ContosoUniversity.csproj", "{FFE52366-DEDD-4A65-A6EF-6C06123BD36E}"
EndProject
Project("{9A19103F-16F7-4668-BE54-9A1E7A4F7556}") = "TodoApi", "TodoApi\TodoApi.csproj", "{386823F9-E4DF-421C-8253-85E5D05CA426}"
EndProject
Project("{FAE04EC0-301F-11D3-BF4B-00C04F79EFBC}") = "ToDoApi2", "ToDoApi2\ToDoApi2.csproj", "{81483599-32BC-48CE-B1A5-02C5F9B310E8}"
EndProject
Project("{FAE04EC0-301F-11D3-BF4B-00C04F79EFBC}") = "Authentication", "Authentication\Authentication.csproj", "{12B3F12E-0E81-4ACF-9CAC-F10D9DC88A1D}"
EndProject
Global
	GlobalSection(SolutionConfigurationPlatforms) = preSolution
		Debug|Any CPU = Debug|Any CPU
		Release|Any CPU = Release|Any CPU
	EndGlobalSection
	GlobalSection(ProjectConfigurationPlatforms) = postSolution
		{EA3C027A-81B0-49A4-9008-E34C84F97503}.Debug|Any CPU.ActiveCfg = Debug|Any CPU
		{EA3C027A-81B0-49A4-9008-E34C84F97503}.Debug|Any CPU.Build.0 = Debug|Any CPU
		{EA3C027A-81B0-49A4-9008-E34C84F97503}.Release|Any CPU.ActiveCfg = Release|Any CPU
		{EA3C027A-81B0-49A4-9008-E34C84F97503}.Release|Any CPU.Build.0 = Release|Any CPU
		{FFE52366-DEDD-4A65-A6EF-6C06123BD36E}.Debug|Any CPU.ActiveCfg = Debug|Any CPU
		{FFE52366-DEDD-4A65-A6EF-6C06123BD36E}.Debug|Any CPU.Build.0 = Debug|Any CPU
		{FFE52366-DEDD-4A65-A6EF-6C06123BD36E}.Release|Any CPU.ActiveCfg = Release|Any CPU
		{FFE52366-DEDD-4A65-A6EF-6C06123BD36E}.Release|Any CPU.Build.0 = Release|Any CPU
		{386823F9-E4DF-421C-8253-85E5D05CA426}.Debug|Any CPU.ActiveCfg = Debug|Any CPU
		{386823F9-E4DF-421C-8253-85E5D05CA426}.Debug|Any CPU.Build.0 = Debug|Any CPU
		{386823F9-E4DF-421C-8253-85E5D05CA426}.Release|Any CPU.ActiveCfg = Release|Any CPU
		{386823F9-E4DF-421C-8253-85E5D05CA426}.Release|Any CPU.Build.0 = Release|Any CPU
		{81483599-32BC-48CE-B1A5-02C5F9B310E8}.Debug|Any CPU.ActiveCfg = Debug|Any CPU
		{81483599-32BC-48CE-B1A5-02C5F9B310E8}.Debug|Any CPU.Build.0 = Debug|Any CPU
		{81483599-32BC-48CE-B1A5-02C5F9B310E8}.Release|Any CPU.ActiveCfg = Release|Any CPU
		{81483599-32BC-48CE-B1A5-02C5F9B310E8}.Release|Any CPU.Build.0 = Release|Any CPU
		{12B3F12E-0E81-4ACF-9CAC-F10D9DC88A1D}.Debug|Any CPU.ActiveCfg = Debug|Any CPU
		{12B3F12E-0E81-4ACF-9CAC-F10D9DC88A1D}.Debug|Any CPU.Build.0 = Debug|Any CPU
		{12B3F12E-0E81-4ACF-9CAC-F10D9DC88A1D}.Release|Any CPU.ActiveCfg = Release|Any CPU
		{12B3F12E-0E81-4ACF-9CAC-F10D9DC88A1D}.Release|Any CPU.Build.0 = Release|Any CPU
	EndGlobalSection
	GlobalSection(SolutionProperties) = preSolution
		HideSolutionNode = FALSE
	EndGlobalSection
	GlobalSection(ExtensibilityGlobals) = postSolution
		SolutionGuid = {64CE61EE-3811-470A-8A10-38BD071D3BD2}
	EndGlobalSection
EndGlobal
